
Microsoft Visual Studio Solution File, Format Version 12.00
# Visual Studio Version 17
VisualStudioVersion = 17.14.36414.22 d17.14
MinimumVisualStudioVersion = 10.0.40219.1
Project("{FAE04EC0-301F-11D3-BF4B-00C04F79EFBC}") = "UML2_2025InClass", "UML2_2025InClass\UML2_2025InClass.csproj", "{AD7DBDA7-2865-4D65-ADCA-D2AF390DAFFD}"
EndProject
Project("{FAE04EC0-301F-11D3-BF4B-00C04F79EFBC}") = "PizzaLibrary", "PizzaLibrary\PizzaLibrary.csproj", "{1A5BBC10-F059-4A5F-8270-7A391E5A915A}"
EndProject
Global
	GlobalSection(SolutionConfigurationPlatforms) = preSolution
		Debug|Any CPU = Debug|Any CPU
		Release|Any CPU = Release|Any CPU
	EndGlobalSection
	GlobalSection(ProjectConfigurationPlatforms) = postSolution
		{AD7DBDA7-2865-4D65-ADCA-D2AF390DAFFD}.Debug|Any CPU.ActiveCfg = Debug|Any CPU
		{AD7DBDA7-2865-4D65-ADCA-D2AF390DAFFD}.Debug|Any CPU.Build.0 = Debug|Any CPU
		{AD7DBDA7-2865-4D65-ADCA-D2AF390DAFFD}.Release|Any CPU.ActiveCfg = Release|Any CPU
		{AD7DBDA7-2865-4D65-ADCA-D2AF390DAFFD}.Release|Any CPU.Build.0 = Release|Any CPU
		{1A5BBC10-F059-4A5F-8270-7A391E5A915A}.Debug|Any CPU.ActiveCfg = Debug|Any CPU
		{1A5BBC10-F059-4A5F-8270-7A391E5A915A}.Debug|Any CPU.Build.0 = Debug|Any CPU
		{1A5BBC10-F059-4A5F-8270-7A391E5A915A}.Release|Any CPU.ActiveCfg = Release|Any CPU
		{1A5BBC10-F059-4A5F-8270-7A391E5A915A}.Release|Any CPU.Build.0 = Release|Any CPU
	EndGlobalSection
	GlobalSection(SolutionProperties) = preSolution
		HideSolutionNode = FALSE
	EndGlobalSection
	GlobalSection(ExtensibilityGlobals) = postSolution
		SolutionGuid = {CA58637F-1C30-43C8-B994-059BDDC48357}
	EndGlobalSection
EndGlobal
